{
  "name": "github-spellcheck",
  "version": "1.0.0",
  "lockfileVersion": 1,
  "requires": true,
  "dependencies": {
    "any-promise": {
      "version": "1.3.0",
      "resolved": "https://registry.npmjs.org/any-promise/-/any-promise-1.3.0.tgz",
      "integrity": "sha1-q8av7tzqUugJzcA3au0845Y10X8="
    },
    "nan": {
      "version": "2.8.0",
      "resolved": "https://registry.npmjs.org/nan/-/nan-2.8.0.tgz",
      "integrity": "sha1-7XFfP+neArV6XmJS2QqWZ14fCFo="
    },
    "spellchecker": {
      "version": "3.4.4",
      "resolved": "https://registry.npmjs.org/spellchecker/-/spellchecker-3.4.4.tgz",
      "integrity": "sha512-l0s86YZs5+PzATeFbqD0sTSMEF7bgzqUYgxrU8+nBSw3V19tzRYKMi+hDGG6v8MskWeG2dRK0Q79sqs1eGIKwQ==",
      "requires": {
        "any-promise": "1.3.0",
        "nan": "2.8.0"
      }
    }
  }
}
